<?xml version="1.0" encoding="utf-8"?>
<Project ToolsVersion="4.0" xmlns="http://schemas.microsoft.com/developer/msbuild/2003">
  <ItemGroup>
    <Filter Include="Source Files">
      <UniqueIdentifier>{4FC737F1-C7A5-4376-A066-2A32D752A2FF}</UniqueIdentifier>
      <Extensions>cpp;c;cc;cxx;def;odl;idl;hpj;bat;asm;asmx</Extensions>
    </Filter>
    <Filter Include="Header Files">
      <UniqueIdentifier>{93995380-89BD-4b04-88EB-625FBE52EBFB}</UniqueIdentifier>
      <Extensions>h;hh;hpp;hxx;hm;inl;inc;xsd</Extensions>
    </Filter>
    <Filter Include="Resource Files">
      <UniqueIdentifier>{67DA6AB6-F800-4c08-8B7A-83BB121AAD01}</UniqueIdentifier>
      <Extensions>rc;ico;cur;bmp;dlg;rc2;rct;bin;rgs;gif;jpg;jpeg;jpe;resx;tiff;tif;png;wav;mfcribbon-ms</Extensions>
    </Filter>
  </ItemGroup>
  <ItemGroup>
    <ClInclude Include="window.h">
      <Filter>Header Files</Filter>
    </ClInclude>
    <ClInclude Include="triangle_mesh.h">
      <Filter>Header Files</Filter>
    </ClInclude>
    <ClInclude Include="dynamical_system_interface.h">
      <Filter>Header Files</Filter>
    </ClInclude>
    <ClInclude Include="camera_interface.h">
      <Filter>Header Files</Filter>
    </ClInclude>
    <ClInclude Include="camera.h">
      <Filter>Header Files</Filter>
    </ClInclude>
    <ClInclude Include="distance_lineseg_lineseg.h">
      <Filter>Header Files</Filter>
    </ClInclude>
    <ClInclude Include="distance_point_ray.h">
      <Filter>Header Files</Filter>
    </ClInclude>
    <ClInclude Include="fps_camera.h">
      <Filter>Header Files</Filter>
    </ClInclude>
    <ClInclude Include="grid_vis.h">
      <Filter>Header Files</Filter>
    </ClInclude>
    <ClInclude Include="oskgl.h">
      <Filter>Header Files</Filter>
    </ClInclude>
    <ClInclude Include="pbd_framework.h">
      <Filter>Header Files</Filter>
    </ClInclude>
    <ClInclude Include="pbd_sandbox.h">
      <Filter>Header Files</Filter>
    </ClInclude>
    <ClInclude Include="vertex_selector_interface.h">
      <Filter>Header Files</Filter>
    </ClInclude>
    <ClInclude Include="vertex_selector.h">
      <Filter>Header Files</Filter>
    </ClInclude>
    <ClInclude Include="vertex_manipulator_interface.h">
      <Filter>Header Files</Filter>
    </ClInclude>
    <ClInclude Include="vertex_manipulator.h">
      <Filter>Header Files</Filter>
    </ClInclude>
    <ClInclude Include="basic_rod.h">
      <Filter>Header Files</Filter>
    </ClInclude>
    <ClInclude Include="rod_interface.h">
      <Filter>Header Files</Filter>
    </ClInclude>
    <ClInclude Include="cylinder_vis.h">
      <Filter>Header Files</Filter>
    </ClInclude>
    <ClInclude Include="frame_vis.h">
      <Filter>Header Files</Filter>
    </ClInclude>
    <ClInclude Include="rod_sandbox.h">
      <Filter>Header Files</Filter>
    </ClInclude>
    <ClInclude Include="rod_vis.h">
      <Filter>Header Files</Filter>
    </ClInclude>
  </ItemGroup>
  <ItemGroup>
    <ClCompile Include="window.cpp">
      <Filter>Source Files</Filter>
    </ClCompile>
    <ClCompile Include="sandbox.cpp">
      <Filter>Source Files</Filter>
    </ClCompile>
    <ClCompile Include="triangle_mesh.cpp">
      <Filter>Source Files</Filter>
    </ClCompile>
    <ClCompile Include="camera.cpp">
      <Filter>Source Files</Filter>
    </ClCompile>
    <ClCompile Include="fps_camera.cpp">
      <Filter>Source Files</Filter>
    </ClCompile>
    <ClCompile Include="grid_vis.cpp">
      <Filter>Source Files</Filter>
    </ClCompile>
    <ClCompile Include="oskgl.cpp">
      <Filter>Source Files</Filter>
    </ClCompile>
    <ClCompile Include="pbd_framework.cpp">
      <Filter>Source Files</Filter>
    </ClCompile>
    <ClCompile Include="pbd_sandbox.cpp">
      <Filter>Source Files</Filter>
    </ClCompile>
    <ClCompile Include="vertex_selector.cpp">
      <Filter>Source Files</Filter>
    </ClCompile>
    <ClCompile Include="vertex_manipulator.cpp">
      <Filter>Source Files</Filter>
    </ClCompile>
    <ClCompile Include="basic_rod.cpp">
      <Filter>Source Files</Filter>
    </ClCompile>
    <ClCompile Include="cylinder_vis.cpp">
      <Filter>Source Files</Filter>
    </ClCompile>
    <ClCompile Include="frame_vis.cpp">
      <Filter>Source Files</Filter>
    </ClCompile>
    <ClCompile Include="rod_sandbox.cpp">
      <Filter>Source Files</Filter>
    </ClCompile>
    <ClCompile Include="rod_vis.cpp">
      <Filter>Source Files</Filter>
    </ClCompile>
  </ItemGroup>
  <ItemGroup>
    <None Include="distance_lineseg_lineseg.inl">
      <Filter>Header Files</Filter>
    </None>
    <None Include="distance_point_ray.inl">
      <Filter>Header Files</Filter>
    </None>
  </ItemGroup>
</Project>